
Microsoft Visual Studio Solution File, Format Version 12.00
# Visual Studio Version 17
VisualStudioVersion = 17.3.32825.248
MinimumVisualStudioVersion = 10.0.40219.1
Project("{9A19103F-16F7-4668-BE54-9A1E7A4F7556}") = "Kitaplikk", "Kitaplikk.csproj", "{28623540-1295-488B-AEA9-8C6C1BEAF830}"
EndProject
Global
	GlobalSection(SolutionConfigurationPlatforms) = preSolution
		Debug|Any CPU = Debug|Any CPU
		Release|Any CPU = Release|Any CPU
	EndGlobalSection
	GlobalSection(ProjectConfigurationPlatforms) = postSolution
		{28623540-1295-488B-AEA9-8C6C1BEAF830}.Debug|Any CPU.ActiveCfg = Debug|Any CPU
		{28623540-1295-488B-AEA9-8C6C1BEAF830}.Debug|Any CPU.Build.0 = Debug|Any CPU
		{28623540-1295-488B-AEA9-8C6C1BEAF830}.Release|Any CPU.ActiveCfg = Release|Any CPU
		{28623540-1295-488B-AEA9-8C6C1BEAF830}.Release|Any CPU.Build.0 = Release|Any CPU
	EndGlobalSection
	GlobalSection(SolutionProperties) = preSolution
		HideSolutionNode = FALSE
	EndGlobalSection
	GlobalSection(ExtensibilityGlobals) = postSolution
		SolutionGuid = {EE7670BF-C0CF-4967-8AA4-ADBEF5515369}
	EndGlobalSection
EndGlobal
